
Microsoft Visual Studio Solution File, Format Version 12.00
# Visual Studio Version 17
VisualStudioVersion = 17.11.35327.3
MinimumVisualStudioVersion = 10.0.40219.1
Project("{9A19103F-16F7-4668-BE54-9A1E7A4F7556}") = "CoffeeBrowser.Maui", "CoffeeBrowser.Maui\CoffeeBrowser.Maui.csproj", "{A796DCDD-3634-4CD2-B81F-855999FFC14E}"
EndProject
Project("{FAE04EC0-301F-11D3-BF4B-00C04F79EFBC}") = "CoffeeBrowser.Library", "CoffeeBrowser.Library\CoffeeBrowser.Library.csproj", "{C522D859-CB8F-44C5-B20B-2C9B285FF29E}"
EndProject
Project("{FAE04EC0-301F-11D3-BF4B-00C04F79EFBC}") = "CoffeeBroser.BlazorWeb", "CoffeeBroser.BlazorWeb\CoffeeBroser.BlazorWeb.csproj", "{640912F6-7789-44E5-9710-A858821E77E0}"
EndProject
Global
	GlobalSection(SolutionConfigurationPlatforms) = preSolution
		Debug|Any CPU = Debug|Any CPU
		Release|Any CPU = Release|Any CPU
	EndGlobalSection
	GlobalSection(ProjectConfigurationPlatforms) = postSolution
		{A796DCDD-3634-4CD2-B81F-855999FFC14E}.Debug|Any CPU.ActiveCfg = Debug|Any CPU
		{A796DCDD-3634-4CD2-B81F-855999FFC14E}.Debug|Any CPU.Build.0 = Debug|Any CPU
		{A796DCDD-3634-4CD2-B81F-855999FFC14E}.Debug|Any CPU.Deploy.0 = Debug|Any CPU
		{A796DCDD-3634-4CD2-B81F-855999FFC14E}.Release|Any CPU.ActiveCfg = Release|Any CPU
		{A796DCDD-3634-4CD2-B81F-855999FFC14E}.Release|Any CPU.Build.0 = Release|Any CPU
		{A796DCDD-3634-4CD2-B81F-855999FFC14E}.Release|Any CPU.Deploy.0 = Release|Any CPU
		{C522D859-CB8F-44C5-B20B-2C9B285FF29E}.Debug|Any CPU.ActiveCfg = Debug|Any CPU
		{C522D859-CB8F-44C5-B20B-2C9B285FF29E}.Debug|Any CPU.Build.0 = Debug|Any CPU
		{C522D859-CB8F-44C5-B20B-2C9B285FF29E}.Release|Any CPU.ActiveCfg = Release|Any CPU
		{C522D859-CB8F-44C5-B20B-2C9B285FF29E}.Release|Any CPU.Build.0 = Release|Any CPU
		{640912F6-7789-44E5-9710-A858821E77E0}.Debug|Any CPU.ActiveCfg = Debug|Any CPU
		{640912F6-7789-44E5-9710-A858821E77E0}.Debug|Any CPU.Build.0 = Debug|Any CPU
		{640912F6-7789-44E5-9710-A858821E77E0}.Release|Any CPU.ActiveCfg = Release|Any CPU
		{640912F6-7789-44E5-9710-A858821E77E0}.Release|Any CPU.Build.0 = Release|Any CPU
	EndGlobalSection
	GlobalSection(SolutionProperties) = preSolution
		HideSolutionNode = FALSE
	EndGlobalSection
	GlobalSection(ExtensibilityGlobals) = postSolution
		SolutionGuid = {87B79E98-4489-4149-BC23-28220D884019}
	EndGlobalSection
EndGlobal
